
Microsoft Visual Studio Solution File, Format Version 12.00
Project("{2150E333-8FDC-42A3-9474-1A3956D46DE8}") = "src", "src", "{C2F979B4-494F-456F-9E3A-86FD019526CB}"
EndProject
Project("{2150E333-8FDC-42A3-9474-1A3956D46DE8}") = "tests", "tests", "{FC1A1F43-00B0-4202-8D58-114E5475D09E}"
EndProject
Project("{2150E333-8FDC-42A3-9474-1A3956D46DE8}") = "scripts", "scripts", "{4F96C20C-E940-4B9C-93B4-265A138E76D8}"
EndProject
Project("{2150E333-8FDC-42A3-9474-1A3956D46DE8}") = "apps", "apps", "{98CB913B-8587-499F-958F-850EC8BCA173}"
EndProject
Project("{FAE04EC0-301F-11D3-BF4B-00C04F79EFBC}") = "KanBan", "src\apps\KanBan\KanBan.csproj", "{877AFEA6-4F9E-423A-8AFD-4DC0B171070D}"
EndProject
Project("{FAE04EC0-301F-11D3-BF4B-00C04F79EFBC}") = "FisheryMaps", "src\apps\FisheryMaps\FisheryMaps.csproj", "{379E1051-FE0E-4136-89C9-C6B98A4D6697}"
EndProject
Project("{2150E333-8FDC-42A3-9474-1A3956D46DE8}") = "services", "services", "{AD52562C-50EA-49B5-9176-917956F28FCD}"
EndProject
Project("{2150E333-8FDC-42A3-9474-1A3956D46DE8}") = "libs", "libs", "{98E52F81-E8E4-4EF3-BB8B-4429D891105E}"
EndProject
Project("{FAE04EC0-301F-11D3-BF4B-00C04F79EFBC}") = "CommonLib", "src\libs\CommonLib\CommonLib.csproj", "{9E9DA336-8890-4E74-BD92-7E750DBAD3AA}"
EndProject
Project("{2150E333-8FDC-42A3-9474-1A3956D46DE8}") = "apps", "apps", "{DBBF049A-64DE-49F4-B912-F1BD84DFF768}"
EndProject
Project("{2150E333-8FDC-42A3-9474-1A3956D46DE8}") = "libs", "libs", "{18DD8AAE-F8EB-4AAD-B5E4-EFFF0228B31C}"
EndProject
Project("{2150E333-8FDC-42A3-9474-1A3956D46DE8}") = "services", "services", "{E7F2155F-220F-4770-AD62-E8D635B39886}"
EndProject
Project("{FAE04EC0-301F-11D3-BF4B-00C04F79EFBC}") = "CommonLibTests", "tests\libs\CommonLibTests\CommonLibTests.csproj", "{70EB5165-0A21-4032-AC71-6C317D500BCB}"
EndProject
Project("{2150E333-8FDC-42A3-9474-1A3956D46DE8}") = "utilities", "utilities", "{9176A6B7-375C-4A64-918E-575B1D356EFE}"
EndProject
Project("{FAE04EC0-301F-11D3-BF4B-00C04F79EFBC}") = "NonceConsoleGenerator", "src\utilities\NonceConsoleGenerator\NonceConsoleGenerator.csproj", "{7788A7AD-9CB0-4EAC-891B-8A9A057A9003}"
EndProject
Project("{FAE04EC0-301F-11D3-BF4B-00C04F79EFBC}") = "Palaver", "src\apps\Palaver\Palaver.csproj", "{7FC5118D-85C8-4DE7-BB61-7D63E9DC1B05}"
EndProject
Project("{FAE04EC0-301F-11D3-BF4B-00C04F79EFBC}") = "SQLBuddy", "src\apps\SQLBuddy\SQLBuddy.csproj", "{FCC95E61-5567-4988-A026-E0E4DFB2B44F}"
EndProject
Project("{FAE04EC0-301F-11D3-BF4B-00C04F79EFBC}") = "SystemBuddy", "src\apps\SystemBuddy\SystemBuddy.csproj", "{CBD3591F-570E-4D29-9F4D-4DEFC83E7C53}"
EndProject
Project("{FAE04EC0-301F-11D3-BF4B-00C04F79EFBC}") = "SystemBuddyTests", "tests\SystemBuddyTests\SystemBuddyTests.csproj", "{88619F22-3676-49C1-B46F-D82AB26EFB91}"
EndProject
Global
	GlobalSection(SolutionConfigurationPlatforms) = preSolution
		Debug|Any CPU = Debug|Any CPU
		Release|Any CPU = Release|Any CPU
	EndGlobalSection
	GlobalSection(NestedProjects) = preSolution
		{98CB913B-8587-499F-958F-850EC8BCA173} = {C2F979B4-494F-456F-9E3A-86FD019526CB}
		{877AFEA6-4F9E-423A-8AFD-4DC0B171070D} = {98CB913B-8587-499F-958F-850EC8BCA173}
		{379E1051-FE0E-4136-89C9-C6B98A4D6697} = {98CB913B-8587-499F-958F-850EC8BCA173}
		{AD52562C-50EA-49B5-9176-917956F28FCD} = {C2F979B4-494F-456F-9E3A-86FD019526CB}
		{98E52F81-E8E4-4EF3-BB8B-4429D891105E} = {C2F979B4-494F-456F-9E3A-86FD019526CB}
		{9E9DA336-8890-4E74-BD92-7E750DBAD3AA} = {98E52F81-E8E4-4EF3-BB8B-4429D891105E}
		{DBBF049A-64DE-49F4-B912-F1BD84DFF768} = {FC1A1F43-00B0-4202-8D58-114E5475D09E}
		{18DD8AAE-F8EB-4AAD-B5E4-EFFF0228B31C} = {FC1A1F43-00B0-4202-8D58-114E5475D09E}
		{E7F2155F-220F-4770-AD62-E8D635B39886} = {FC1A1F43-00B0-4202-8D58-114E5475D09E}
		{70EB5165-0A21-4032-AC71-6C317D500BCB} = {18DD8AAE-F8EB-4AAD-B5E4-EFFF0228B31C}
		{9176A6B7-375C-4A64-918E-575B1D356EFE} = {C2F979B4-494F-456F-9E3A-86FD019526CB}
		{7788A7AD-9CB0-4EAC-891B-8A9A057A9003} = {9176A6B7-375C-4A64-918E-575B1D356EFE}
		{7FC5118D-85C8-4DE7-BB61-7D63E9DC1B05} = {98CB913B-8587-499F-958F-850EC8BCA173}
		{FCC95E61-5567-4988-A026-E0E4DFB2B44F} = {98CB913B-8587-499F-958F-850EC8BCA173}
		{CBD3591F-570E-4D29-9F4D-4DEFC83E7C53} = {98CB913B-8587-499F-958F-850EC8BCA173}
		{88619F22-3676-49C1-B46F-D82AB26EFB91} = {DBBF049A-64DE-49F4-B912-F1BD84DFF768}
	EndGlobalSection
	GlobalSection(ProjectConfigurationPlatforms) = postSolution
		{877AFEA6-4F9E-423A-8AFD-4DC0B171070D}.Debug|Any CPU.ActiveCfg = Debug|Any CPU
		{877AFEA6-4F9E-423A-8AFD-4DC0B171070D}.Debug|Any CPU.Build.0 = Debug|Any CPU
		{877AFEA6-4F9E-423A-8AFD-4DC0B171070D}.Release|Any CPU.ActiveCfg = Release|Any CPU
		{877AFEA6-4F9E-423A-8AFD-4DC0B171070D}.Release|Any CPU.Build.0 = Release|Any CPU
		{379E1051-FE0E-4136-89C9-C6B98A4D6697}.Debug|Any CPU.ActiveCfg = Debug|Any CPU
		{379E1051-FE0E-4136-89C9-C6B98A4D6697}.Debug|Any CPU.Build.0 = Debug|Any CPU
		{379E1051-FE0E-4136-89C9-C6B98A4D6697}.Release|Any CPU.ActiveCfg = Release|Any CPU
		{379E1051-FE0E-4136-89C9-C6B98A4D6697}.Release|Any CPU.Build.0 = Release|Any CPU
		{9E9DA336-8890-4E74-BD92-7E750DBAD3AA}.Debug|Any CPU.ActiveCfg = Debug|Any CPU
		{9E9DA336-8890-4E74-BD92-7E750DBAD3AA}.Debug|Any CPU.Build.0 = Debug|Any CPU
		{9E9DA336-8890-4E74-BD92-7E750DBAD3AA}.Release|Any CPU.ActiveCfg = Release|Any CPU
		{9E9DA336-8890-4E74-BD92-7E750DBAD3AA}.Release|Any CPU.Build.0 = Release|Any CPU
		{70EB5165-0A21-4032-AC71-6C317D500BCB}.Debug|Any CPU.ActiveCfg = Debug|Any CPU
		{70EB5165-0A21-4032-AC71-6C317D500BCB}.Debug|Any CPU.Build.0 = Debug|Any CPU
		{70EB5165-0A21-4032-AC71-6C317D500BCB}.Release|Any CPU.ActiveCfg = Release|Any CPU
		{70EB5165-0A21-4032-AC71-6C317D500BCB}.Release|Any CPU.Build.0 = Release|Any CPU
		{7788A7AD-9CB0-4EAC-891B-8A9A057A9003}.Debug|Any CPU.ActiveCfg = Debug|Any CPU
		{7788A7AD-9CB0-4EAC-891B-8A9A057A9003}.Debug|Any CPU.Build.0 = Debug|Any CPU
		{7788A7AD-9CB0-4EAC-891B-8A9A057A9003}.Release|Any CPU.ActiveCfg = Release|Any CPU
		{7788A7AD-9CB0-4EAC-891B-8A9A057A9003}.Release|Any CPU.Build.0 = Release|Any CPU
		{7FC5118D-85C8-4DE7-BB61-7D63E9DC1B05}.Debug|Any CPU.ActiveCfg = Debug|Any CPU
		{7FC5118D-85C8-4DE7-BB61-7D63E9DC1B05}.Debug|Any CPU.Build.0 = Debug|Any CPU
		{7FC5118D-85C8-4DE7-BB61-7D63E9DC1B05}.Release|Any CPU.ActiveCfg = Release|Any CPU
		{7FC5118D-85C8-4DE7-BB61-7D63E9DC1B05}.Release|Any CPU.Build.0 = Release|Any CPU
		{FCC95E61-5567-4988-A026-E0E4DFB2B44F}.Debug|Any CPU.ActiveCfg = Debug|Any CPU
		{FCC95E61-5567-4988-A026-E0E4DFB2B44F}.Debug|Any CPU.Build.0 = Debug|Any CPU
		{FCC95E61-5567-4988-A026-E0E4DFB2B44F}.Release|Any CPU.ActiveCfg = Release|Any CPU
		{FCC95E61-5567-4988-A026-E0E4DFB2B44F}.Release|Any CPU.Build.0 = Release|Any CPU
		{CBD3591F-570E-4D29-9F4D-4DEFC83E7C53}.Debug|Any CPU.ActiveCfg = Debug|Any CPU
		{CBD3591F-570E-4D29-9F4D-4DEFC83E7C53}.Debug|Any CPU.Build.0 = Debug|Any CPU
		{CBD3591F-570E-4D29-9F4D-4DEFC83E7C53}.Release|Any CPU.ActiveCfg = Release|Any CPU
		{CBD3591F-570E-4D29-9F4D-4DEFC83E7C53}.Release|Any CPU.Build.0 = Release|Any CPU
		{88619F22-3676-49C1-B46F-D82AB26EFB91}.Debug|Any CPU.ActiveCfg = Debug|Any CPU
		{88619F22-3676-49C1-B46F-D82AB26EFB91}.Debug|Any CPU.Build.0 = Debug|Any CPU
		{88619F22-3676-49C1-B46F-D82AB26EFB91}.Release|Any CPU.ActiveCfg = Release|Any CPU
		{88619F22-3676-49C1-B46F-D82AB26EFB91}.Release|Any CPU.Build.0 = Release|Any CPU
	EndGlobalSection
EndGlobal
